<?xml version="1.0" encoding="utf-8"?>
<Project ToolsVersion="4.0" xmlns="http://schemas.microsoft.com/developer/msbuild/2003">
  <ItemGroup>
    <Filter Include="Main">
      <UniqueIdentifier>{9d24ffdf-2fe1-418c-accb-81c3a8f77891}</UniqueIdentifier>
    </Filter>
    <Filter Include="Object">
      <UniqueIdentifier>{e7c246d8-2757-4ae9-a5c8-347b4907c713}</UniqueIdentifier>
    </Filter>
    <Filter Include="Manager">
      <UniqueIdentifier>{0d0d4d72-7ae0-426e-8b1f-a14f55875f26}</UniqueIdentifier>
    </Filter>
    <Filter Include="Scene">
      <UniqueIdentifier>{fbe194ec-cba3-4910-a0c1-a65b273ce23f}</UniqueIdentifier>
    </Filter>
    <Filter Include="Library">
      <UniqueIdentifier>{2e6ade52-f737-47b8-b21f-a103f2ad9bc6}</UniqueIdentifier>
    </Filter>
  </ItemGroup>
  <ItemGroup>
    <ClCompile Include="BaseObject.cpp">
      <Filter>Object</Filter>
    </ClCompile>
    <ClCompile Include="PlayerObject.cpp">
      <Filter>Object</Filter>
    </ClCompile>
    <ClCompile Include="MonsterObject.cpp">
      <Filter>Object</Filter>
    </ClCompile>
    <ClCompile Include="MissileObject.cpp">
      <Filter>Object</Filter>
    </ClCompile>
    <ClCompile Include="Main.cpp">
      <Filter>Main</Filter>
    </ClCompile>
    <ClCompile Include="ObjectManager.cpp">
      <Filter>Manager</Filter>
    </ClCompile>
    <ClCompile Include="SceneManager.cpp">
      <Filter>Manager</Filter>
    </ClCompile>
    <ClCompile Include="ScreenBuffer.cpp">
      <Filter>Library</Filter>
    </ClCompile>
    <ClCompile Include="SceneTitle.cpp">
      <Filter>Scene</Filter>
    </ClCompile>
    <ClCompile Include="SceneClear.cpp">
      <Filter>Scene</Filter>
    </ClCompile>
    <ClCompile Include="SceneGame.cpp">
      <Filter>Scene</Filter>
    </ClCompile>
    <ClCompile Include="SceneGameOver.cpp">
      <Filter>Scene</Filter>
    </ClCompile>
    <ClCompile Include="DataReader.cpp">
      <Filter>Library</Filter>
    </ClCompile>
  </ItemGroup>
  <ItemGroup>
    <ClInclude Include="BaseObject.h">
      <Filter>Object</Filter>
    </ClInclude>
    <ClInclude Include="PlayerObject.h">
      <Filter>Object</Filter>
    </ClInclude>
    <ClInclude Include="MonsterObject.h">
      <Filter>Object</Filter>
    </ClInclude>
    <ClInclude Include="MissileObject.h">
      <Filter>Object</Filter>
    </ClInclude>
    <ClInclude Include="ObjectManager.h">
      <Filter>Manager</Filter>
    </ClInclude>
    <ClInclude Include="MyList.h">
      <Filter>Library</Filter>
    </ClInclude>
    <ClInclude Include="SceneBase.h">
      <Filter>Scene</Filter>
    </ClInclude>
    <ClInclude Include="SceneManager.h">
      <Filter>Manager</Filter>
    </ClInclude>
    <ClInclude Include="ScreenBuffer.h">
      <Filter>Library</Filter>
    </ClInclude>
    <ClInclude Include="SceneTitle.h">
      <Filter>Scene</Filter>
    </ClInclude>
    <ClInclude Include="SceneClear.h">
      <Filter>Scene</Filter>
    </ClInclude>
    <ClInclude Include="SceneGame.h">
      <Filter>Scene</Filter>
    </ClInclude>
    <ClInclude Include="SceneGameOver.h">
      <Filter>Scene</Filter>
    </ClInclude>
    <ClInclude Include="DataReader.h">
      <Filter>Library</Filter>
    </ClInclude>
  </ItemGroup>
</Project>